// !$*UTF8*$!
{
	archiveVersion = 1;
	classes = {
	};
	objectVersion = 48;
	objects = {

/* Begin PBXBuildFile section */
		9D008B802024586500165C87 /* AppDelegate.swift in Sources */ = {isa = PBXBuildFile; fileRef = 9D008B7F2024586500165C87 /* AppDelegate.swift */; };
		9D008B852024586500165C87 /* Main.storyboard in Resources */ = {isa = PBXBuildFile; fileRef = 9D008B832024586500165C87 /* Main.storyboard */; };
		9D008B882024586500165C87 /* FocusMe.xcdatamodeld in Sources */ = {isa = PBXBuildFile; fileRef = 9D008B862024586500165C87 /* FocusMe.xcdatamodeld */; };
		9D008B8A2024586500165C87 /* Assets.xcassets in Resources */ = {isa = PBXBuildFile; fileRef = 9D008B892024586500165C87 /* Assets.xcassets */; };
		9D008B8D2024586500165C87 /* LaunchScreen.storyboard in Resources */ = {isa = PBXBuildFile; fileRef = 9D008B8B2024586500165C87 /* LaunchScreen.storyboard */; };
		9D00ED6E2040B83900DB84C5 /* GoogleService-Info.plist in Resources */ = {isa = PBXBuildFile; fileRef = 9D00ED6D2040B83900DB84C5 /* GoogleService-Info.plist */; };
		9D0328DA206037B3000AE6BB /* SwipingController.swift in Sources */ = {isa = PBXBuildFile; fileRef = 9D0328D9206037B3000AE6BB /* SwipingController.swift */; };
		9D07D47B2113BDA1000B9BFD /* CongratulationsModel.swift in Sources */ = {isa = PBXBuildFile; fileRef = 9D07D47A2113BDA1000B9BFD /* CongratulationsModel.swift */; };
		9D1E3E1E2147A4500096D688 /* Kern.swift in Sources */ = {isa = PBXBuildFile; fileRef = 9D1E3E1D2147A4500096D688 /* Kern.swift */; };
		9D1E3E202148FB720096D688 /* Underwater_main_audio_Big_Blue.mp3 in Resources */ = {isa = PBXBuildFile; fileRef = 9D1E3E1F2148FB720096D688 /* Underwater_main_audio_Big_Blue.mp3 */; };
		9D1E3E222148FBF60096D688 /* Underwater_beacon.wav in Resources */ = {isa = PBXBuildFile; fileRef = 9D1E3E212148FBF50096D688 /* Underwater_beacon.wav */; };
		9D1FAA8320ED79A60032A337 /* CoreData Model.swift in Sources */ = {isa = PBXBuildFile; fileRef = 9D1FAA8220ED79A60032A337 /* CoreData Model.swift */; };
		9D2775282152BA6A00BA668F /* Training_session.mp3 in Resources */ = {isa = PBXBuildFile; fileRef = 9D2775272152BA6A00BA668F /* Training_session.mp3 */; };
		9D36FCA42061018200554D03 /* OnboardingPage.swift in Sources */ = {isa = PBXBuildFile; fileRef = 9D36FCA32061018200554D03 /* OnboardingPage.swift */; };
		9D4B25F320646A3B008C9FA9 /* colours.swift in Sources */ = {isa = PBXBuildFile; fileRef = 9D4B25F220646A3B008C9FA9 /* colours.swift */; };
		9D4EBD2E20CD4F7700A021D0 /* ListOfLevels.swift in Sources */ = {isa = PBXBuildFile; fileRef = 9D4EBD2D20CD4F7700A021D0 /* ListOfLevels.swift */; };
		9D5B3F08207D324400A5E0AC /* ProgressView.swift in Sources */ = {isa = PBXBuildFile; fileRef = 9D5B3F07207D324400A5E0AC /* ProgressView.swift */; };
		9D5B516520EA4C880016B5D1 /* ScoreboardAnimations.swift in Sources */ = {isa = PBXBuildFile; fileRef = 9D5B516420EA4C880016B5D1 /* ScoreboardAnimations.swift */; };
		9D5C06C920BA0D7A0007EC05 /* CircleView.swift in Sources */ = {isa = PBXBuildFile; fileRef = 9D5C06C820BA0D7A0007EC05 /* CircleView.swift */; };
		9D5C06CB20BC04FE0007EC05 /* ctaButtonShade.swift in Sources */ = {isa = PBXBuildFile; fileRef = 9D5C06CA20BC04FE0007EC05 /* ctaButtonShade.swift */; };
		9D5C06CD20BC204B0007EC05 /* CountdownVC.swift in Sources */ = {isa = PBXBuildFile; fileRef = 9D5C06CC20BC204B0007EC05 /* CountdownVC.swift */; };
		9D5C06CF20BC25B30007EC05 /* CountdownSelector.swift in Sources */ = {isa = PBXBuildFile; fileRef = 9D5C06CE20BC25B30007EC05 /* CountdownSelector.swift */; };
		9D63039421197D7F00E3DB59 /* CountingLabel.swift in Sources */ = {isa = PBXBuildFile; fileRef = 9D63039321197D7F00E3DB59 /* CountingLabel.swift */; };
		9D6AA92820B400FF00C4D274 /* HomeScreenVC.swift in Sources */ = {isa = PBXBuildFile; fileRef = 9D6AA92720B400FF00C4D274 /* HomeScreenVC.swift */; };
		9D8E99562045E40C00C09A39 /* backgroundImages.swift in Sources */ = {isa = PBXBuildFile; fileRef = 9D8E99552045E40C00C09A39 /* backgroundImages.swift */; };
		9DB955DE20BF282700B88853 /* SessionInProgressVC.swift in Sources */ = {isa = PBXBuildFile; fileRef = 9DB955DD20BF282700B88853 /* SessionInProgressVC.swift */; };
		9DB955E020BF2BC000B88853 /* InputScoreVC.swift in Sources */ = {isa = PBXBuildFile; fileRef = 9DB955DF20BF2BC000B88853 /* InputScoreVC.swift */; };
		9DB955E220BF54CB00B88853 /* InformationVC.swift in Sources */ = {isa = PBXBuildFile; fileRef = 9DB955E120BF54CB00B88853 /* InformationVC.swift */; };
		9DB955E420BFD90D00B88853 /* ReceiveScoreVC.swift in Sources */ = {isa = PBXBuildFile; fileRef = 9DB955E320BFD90D00B88853 /* ReceiveScoreVC.swift */; };
		9DB955E620BFDD3200B88853 /* ScoreboardVC.swift in Sources */ = {isa = PBXBuildFile; fileRef = 9DB955E520BFDD3200B88853 /* ScoreboardVC.swift */; };
		9DC22552202DD33E00D5D9AA /* LevelModel.swift in Sources */ = {isa = PBXBuildFile; fileRef = 9DC22551202DD33E00D5D9AA /* LevelModel.swift */; };
		9DC22554202DDCE100D5D9AA /* AccuracyLogic.swift in Sources */ = {isa = PBXBuildFile; fileRef = 9DC22553202DDCE100D5D9AA /* AccuracyLogic.swift */; };
		9DC2255D202E180000D5D9AA /* FirstLaunch.swift in Sources */ = {isa = PBXBuildFile; fileRef = 9DC2255C202E180000D5D9AA /* FirstLaunch.swift */; };
		9DC22572202F69C900D5D9AA /* RectangleActionButton.swift in Sources */ = {isa = PBXBuildFile; fileRef = 9DC22571202F69C900D5D9AA /* RectangleActionButton.swift */; };
		9DD6AABF20D0FDE9003B2E98 /* MyAudioPlayer.swift in Sources */ = {isa = PBXBuildFile; fileRef = 9DD6AABE20D0FDE9003B2E98 /* MyAudioPlayer.swift */; };
		9DD92C9F20A1869F00E8CF4B /* HealthKit.framework in Frameworks */ = {isa = PBXBuildFile; fileRef = 9DD92C9E20A1869F00E8CF4B /* HealthKit.framework */; };
		9DD92CA120A1885600E8CF4B /* HealthKitSetup.swift in Sources */ = {isa = PBXBuildFile; fileRef = 9DD92CA020A1885600E8CF4B /* HealthKitSetup.swift */; };
		9DD92CA320A2228100E8CF4B /* ProfileDataStore.swift in Sources */ = {isa = PBXBuildFile; fileRef = 9DD92CA220A2228100E8CF4B /* ProfileDataStore.swift */; };
		9DEF37F7205F26590053D0EF /* PageCell.swift in Sources */ = {isa = PBXBuildFile; fileRef = 9DEF37F6205F26590053D0EF /* PageCell.swift */; };
		9DF98A032107A5B200A0B2DB /* CongratulationsPopupVC.swift in Sources */ = {isa = PBXBuildFile; fileRef = 9DF98A022107A5B200A0B2DB /* CongratulationsPopupVC.swift */; };
		D4FEA36B4BA16DC2B79EC23F /* Pods_FocusMe.framework in Frameworks */ = {isa = PBXBuildFile; fileRef = A979BF4703297E1AB18D2D38 /* Pods_FocusMe.framework */; };
/* End PBXBuildFile section */

/* Begin PBXFileReference section */
		9D008B7C2024586500165C87 /* primr.app */ = {isa = PBXFileReference; explicitFileType = wrapper.application; includeInIndex = 0; path = primr.app; sourceTree = BUILT_PRODUCTS_DIR; };
		9D008B7F2024586500165C87 /* AppDelegate.swift */ = {isa = PBXFileReference; lastKnownFileType = sourcecode.swift; path = AppDelegate.swift; sourceTree = "<group>"; };
		9D008B842024586500165C87 /* Base */ = {isa = PBXFileReference; lastKnownFileType = file.storyboard; name = Base; path = Base.lproj/Main.storyboard; sourceTree = "<group>"; };
		9D008B872024586500165C87 /* FocusMe.xcdatamodel */ = {isa = PBXFileReference; lastKnownFileType = wrapper.xcdatamodel; path = FocusMe.xcdatamodel; sourceTree = "<group>"; };
		9D008B892024586500165C87 /* Assets.xcassets */ = {isa = PBXFileReference; lastKnownFileType = folder.assetcatalog; path = Assets.xcassets; sourceTree = "<group>"; };
		9D008B8C2024586500165C87 /* Base */ = {isa = PBXFileReference; lastKnownFileType = file.storyboard; name = Base; path = Base.lproj/LaunchScreen.storyboard; sourceTree = "<group>"; };
		9D008B8E2024586500165C87 /* Info.plist */ = {isa = PBXFileReference; lastKnownFileType = text.plist.xml; path = Info.plist; sourceTree = "<group>"; };
		9D00ED6D2040B83900DB84C5 /* GoogleService-Info.plist */ = {isa = PBXFileReference; fileEncoding = 4; lastKnownFileType = text.plist.xml; path = "GoogleService-Info.plist"; sourceTree = "<group>"; };
		9D0328D9206037B3000AE6BB /* SwipingController.swift */ = {isa = PBXFileReference; lastKnownFileType = sourcecode.swift; path = SwipingController.swift; sourceTree = "<group>"; };
		9D07D47A2113BDA1000B9BFD /* CongratulationsModel.swift */ = {isa = PBXFileReference; lastKnownFileType = sourcecode.swift; path = CongratulationsModel.swift; sourceTree = "<group>"; };
		9D1E3E1D2147A4500096D688 /* Kern.swift */ = {isa = PBXFileReference; lastKnownFileType = sourcecode.swift; path = Kern.swift; sourceTree = "<group>"; };
		9D1E3E1F2148FB720096D688 /* Underwater_main_audio_Big_Blue.mp3 */ = {isa = PBXFileReference; lastKnownFileType = audio.mp3; path = Underwater_main_audio_Big_Blue.mp3; sourceTree = "<group>"; };
		9D1E3E212148FBF50096D688 /* Underwater_beacon.wav */ = {isa = PBXFileReference; lastKnownFileType = audio.wav; path = Underwater_beacon.wav; sourceTree = "<group>"; };
		9D1FAA8220ED79A60032A337 /* CoreData Model.swift */ = {isa = PBXFileReference; lastKnownFileType = sourcecode.swift; path = "CoreData Model.swift"; sourceTree = "<group>"; };
		9D2775272152BA6A00BA668F /* Training_session.mp3 */ = {isa = PBXFileReference; lastKnownFileType = audio.mp3; path = Training_session.mp3; sourceTree = "<group>"; };
		9D36FCA32061018200554D03 /* OnboardingPage.swift */ = {isa = PBXFileReference; lastKnownFileType = sourcecode.swift; name = OnboardingPage.swift; path = FocusMe/Model/OnboardingPage.swift; sourceTree = SOURCE_ROOT; };
		9D4B25F220646A3B008C9FA9 /* colours.swift */ = {isa = PBXFileReference; lastKnownFileType = sourcecode.swift; path = colours.swift; sourceTree = "<group>"; };
		9D4EBD2D20CD4F7700A021D0 /* ListOfLevels.swift */ = {isa = PBXFileReference; lastKnownFileType = sourcecode.swift; path = ListOfLevels.swift; sourceTree = "<group>"; };
		9D5B3F07207D324400A5E0AC /* ProgressView.swift */ = {isa = PBXFileReference; lastKnownFileType = sourcecode.swift; path = ProgressView.swift; sourceTree = "<group>"; };
		9D5B516420EA4C880016B5D1 /* ScoreboardAnimations.swift */ = {isa = PBXFileReference; lastKnownFileType = sourcecode.swift; path = ScoreboardAnimations.swift; sourceTree = "<group>"; };
		9D5C06C820BA0D7A0007EC05 /* CircleView.swift */ = {isa = PBXFileReference; lastKnownFileType = sourcecode.swift; path = CircleView.swift; sourceTree = "<group>"; };
		9D5C06CA20BC04FE0007EC05 /* ctaButtonShade.swift */ = {isa = PBXFileReference; lastKnownFileType = sourcecode.swift; path = ctaButtonShade.swift; sourceTree = "<group>"; };
		9D5C06CC20BC204B0007EC05 /* CountdownVC.swift */ = {isa = PBXFileReference; lastKnownFileType = sourcecode.swift; path = CountdownVC.swift; sourceTree = "<group>"; };
		9D5C06CE20BC25B30007EC05 /* CountdownSelector.swift */ = {isa = PBXFileReference; lastKnownFileType = sourcecode.swift; path = CountdownSelector.swift; sourceTree = "<group>"; };
		9D63039321197D7F00E3DB59 /* CountingLabel.swift */ = {isa = PBXFileReference; lastKnownFileType = sourcecode.swift; path = CountingLabel.swift; sourceTree = "<group>"; };
		9D6AA92720B400FF00C4D274 /* HomeScreenVC.swift */ = {isa = PBXFileReference; lastKnownFileType = sourcecode.swift; name = HomeScreenVC.swift; path = FocusMe/Controller/HomeScreenVC.swift; sourceTree = SOURCE_ROOT; };
		9D8E99552045E40C00C09A39 /* backgroundImages.swift */ = {isa = PBXFileReference; lastKnownFileType = sourcecode.swift; name = backgroundImages.swift; path = "FocusMe/View/Custom views/backgroundImages.swift"; sourceTree = SOURCE_ROOT; };
		9DB955DD20BF282700B88853 /* SessionInProgressVC.swift */ = {isa = PBXFileReference; lastKnownFileType = sourcecode.swift; path = SessionInProgressVC.swift; sourceTree = "<group>"; };
		9DB955DF20BF2BC000B88853 /* InputScoreVC.swift */ = {isa = PBXFileReference; lastKnownFileType = sourcecode.swift; path = InputScoreVC.swift; sourceTree = "<group>"; };
		9DB955E120BF54CB00B88853 /* InformationVC.swift */ = {isa = PBXFileReference; lastKnownFileType = sourcecode.swift; path = InformationVC.swift; sourceTree = "<group>"; };
		9DB955E320BFD90D00B88853 /* ReceiveScoreVC.swift */ = {isa = PBXFileReference; lastKnownFileType = sourcecode.swift; path = ReceiveScoreVC.swift; sourceTree = "<group>"; };
		9DB955E520BFDD3200B88853 /* ScoreboardVC.swift */ = {isa = PBXFileReference; lastKnownFileType = sourcecode.swift; path = ScoreboardVC.swift; sourceTree = "<group>"; };
		9DC22551202DD33E00D5D9AA /* LevelModel.swift */ = {isa = PBXFileReference; lastKnownFileType = sourcecode.swift; path = LevelModel.swift; sourceTree = "<group>"; };
		9DC22553202DDCE100D5D9AA /* AccuracyLogic.swift */ = {isa = PBXFileReference; lastKnownFileType = sourcecode.swift; path = AccuracyLogic.swift; sourceTree = "<group>"; };
		9DC2255C202E180000D5D9AA /* FirstLaunch.swift */ = {isa = PBXFileReference; lastKnownFileType = sourcecode.swift; path = FirstLaunch.swift; sourceTree = "<group>"; };
		9DC22571202F69C900D5D9AA /* RectangleActionButton.swift */ = {isa = PBXFileReference; lastKnownFileType = sourcecode.swift; path = RectangleActionButton.swift; sourceTree = "<group>"; };
		9DD6AABE20D0FDE9003B2E98 /* MyAudioPlayer.swift */ = {isa = PBXFileReference; lastKnownFileType = sourcecode.swift; path = MyAudioPlayer.swift; sourceTree = "<group>"; };
		9DD92C9D20A1869F00E8CF4B /* FocusMe.entitlements */ = {isa = PBXFileReference; lastKnownFileType = text.plist.entitlements; path = FocusMe.entitlements; sourceTree = "<group>"; };
		9DD92C9E20A1869F00E8CF4B /* HealthKit.framework */ = {isa = PBXFileReference; lastKnownFileType = wrapper.framework; name = HealthKit.framework; path = System/Library/Frameworks/HealthKit.framework; sourceTree = SDKROOT; };
		9DD92CA020A1885600E8CF4B /* HealthKitSetup.swift */ = {isa = PBXFileReference; lastKnownFileType = sourcecode.swift; path = HealthKitSetup.swift; sourceTree = "<group>"; };
		9DD92CA220A2228100E8CF4B /* ProfileDataStore.swift */ = {isa = PBXFileReference; lastKnownFileType = sourcecode.swift; path = ProfileDataStore.swift; sourceTree = "<group>"; };
		9DEF37F6205F26590053D0EF /* PageCell.swift */ = {isa = PBXFileReference; lastKnownFileType = sourcecode.swift; path = PageCell.swift; sourceTree = "<group>"; };
		9DF98A022107A5B200A0B2DB /* CongratulationsPopupVC.swift */ = {isa = PBXFileReference; lastKnownFileType = sourcecode.swift; path = CongratulationsPopupVC.swift; sourceTree = "<group>"; };
		A979BF4703297E1AB18D2D38 /* Pods_FocusMe.framework */ = {isa = PBXFileReference; explicitFileType = wrapper.framework; includeInIndex = 0; path = Pods_FocusMe.framework; sourceTree = BUILT_PRODUCTS_DIR; };
		D8E9B77840C377CB98A7196E /* Pods-FocusMe.release.xcconfig */ = {isa = PBXFileReference; includeInIndex = 1; lastKnownFileType = text.xcconfig; name = "Pods-FocusMe.release.xcconfig"; path = "Pods/Target Support Files/Pods-FocusMe/Pods-FocusMe.release.xcconfig"; sourceTree = "<group>"; };
		E62138502EF0F3D145D11EF9 /* Pods-FocusMe.debug.xcconfig */ = {isa = PBXFileReference; includeInIndex = 1; lastKnownFileType = text.xcconfig; name = "Pods-FocusMe.debug.xcconfig"; path = "Pods/Target Support Files/Pods-FocusMe/Pods-FocusMe.debug.xcconfig"; sourceTree = "<group>"; };
/* End PBXFileReference section */

/* Begin PBXFrameworksBuildPhase section */
		9D008B792024586500165C87 /* Frameworks */ = {
			isa = PBXFrameworksBuildPhase;
			buildActionMask = 2147483647;
			files = (
				D4FEA36B4BA16DC2B79EC23F /* Pods_FocusMe.framework in Frameworks */,
				9DD92C9F20A1869F00E8CF4B /* HealthKit.framework in Frameworks */,
			);
			runOnlyForDeploymentPostprocessing = 0;
		};
/* End PBXFrameworksBuildPhase section */

/* Begin PBXGroup section */
		6FDCC11C582202D7DBFA8BD1 /* Frameworks */ = {
			isa = PBXGroup;
			children = (
				9DD92C9E20A1869F00E8CF4B /* HealthKit.framework */,
				A979BF4703297E1AB18D2D38 /* Pods_FocusMe.framework */,
			);
			name = Frameworks;
			sourceTree = "<group>";
		};
		9D008B732024586500165C87 = {
			isa = PBXGroup;
			children = (
				9D008B7E2024586500165C87 /* FocusMe */,
				9D008B7D2024586500165C87 /* Products */,
				ECF245344995D1FDF86C6A72 /* Pods */,
				6FDCC11C582202D7DBFA8BD1 /* Frameworks */,
			);
			sourceTree = "<group>";
		};
		9D008B7D2024586500165C87 /* Products */ = {
			isa = PBXGroup;
			children = (
				9D008B7C2024586500165C87 /* primr.app */,
			);
			name = Products;
			sourceTree = "<group>";
		};
		9D008B7E2024586500165C87 /* FocusMe */ = {
			isa = PBXGroup;
			children = (
				9DD92C9D20A1869F00E8CF4B /* FocusMe.entitlements */,
				9D57BF12203031DB0015032B /* Model */,
				9DC2256C202F59E100D5D9AA /* View */,
				9D008B9A20252E3800165C87 /* Controller */,
				9D57BF132030322B0015032B /* Assets */,
				9DC2255F202E496C00D5D9AA /* Core data */,
				9D57BF11203031BC0015032B /* Services */,
				9D008B7F2024586500165C87 /* AppDelegate.swift */,
				9D008B8E2024586500165C87 /* Info.plist */,
				9D00ED6D2040B83900DB84C5 /* GoogleService-Info.plist */,
			);
			path = FocusMe;
			sourceTree = "<group>";
		};
		9D008B9A20252E3800165C87 /* Controller */ = {
			isa = PBXGroup;
			children = (
				9D0328D9206037B3000AE6BB /* SwipingController.swift */,
				9DB955E120BF54CB00B88853 /* InformationVC.swift */,
				9D6AA92720B400FF00C4D274 /* HomeScreenVC.swift */,
				9D5C06CC20BC204B0007EC05 /* CountdownVC.swift */,
				9DB955DD20BF282700B88853 /* SessionInProgressVC.swift */,
				9DB955DF20BF2BC000B88853 /* InputScoreVC.swift */,
				9DB955E320BFD90D00B88853 /* ReceiveScoreVC.swift */,
				9DB955E520BFDD3200B88853 /* ScoreboardVC.swift */,
				9DF98A022107A5B200A0B2DB /* CongratulationsPopupVC.swift */,
			);
			path = Controller;
			sourceTree = "<group>";
		};
		9D57BF11203031BC0015032B /* Services */ = {
			isa = PBXGroup;
			children = (
				9DD92CA420A2282200E8CF4B /* HealthKit */,
			);
			path = Services;
			sourceTree = "<group>";
		};
		9D57BF12203031DB0015032B /* Model */ = {
			isa = PBXGroup;
			children = (
				9DC2255C202E180000D5D9AA /* FirstLaunch.swift */,
				9DC22553202DDCE100D5D9AA /* AccuracyLogic.swift */,
				9DD6AABE20D0FDE9003B2E98 /* MyAudioPlayer.swift */,
				9D1FAA8220ED79A60032A337 /* CoreData Model.swift */,
				9DC22551202DD33E00D5D9AA /* LevelModel.swift */,
				9D4EBD2D20CD4F7700A021D0 /* ListOfLevels.swift */,
				9D07D47A2113BDA1000B9BFD /* CongratulationsModel.swift */,
				9D5C06CE20BC25B30007EC05 /* CountdownSelector.swift */,
				9D36FCA32061018200554D03 /* OnboardingPage.swift */,
			);
			path = Model;
			sourceTree = "<group>";
		};
		9D57BF132030322B0015032B /* Assets */ = {
			isa = PBXGroup;
			children = (
				9D008B892024586500165C87 /* Assets.xcassets */,
				9DC2255E202E494400D5D9AA /* Audio files */,
			);
			path = Assets;
			sourceTree = "<group>";
		};
		9DC2255B202E14A700D5D9AA /* Custom views */ = {
			isa = PBXGroup;
			children = (
				9D8E99552045E40C00C09A39 /* backgroundImages.swift */,
				9D1E3E1D2147A4500096D688 /* Kern.swift */,
				9DC22571202F69C900D5D9AA /* RectangleActionButton.swift */,
				9D4B25F220646A3B008C9FA9 /* colours.swift */,
			);
			path = "Custom views";
			sourceTree = "<group>";
		};
		9DC2255E202E494400D5D9AA /* Audio files */ = {
			isa = PBXGroup;
			children = (
				9D2775272152BA6A00BA668F /* Training_session.mp3 */,
				9D1E3E1F2148FB720096D688 /* Underwater_main_audio_Big_Blue.mp3 */,
				9D1E3E212148FBF50096D688 /* Underwater_beacon.wav */,
			);
			path = "Audio files";
			sourceTree = "<group>";
		};
		9DC2255F202E496C00D5D9AA /* Core data */ = {
			isa = PBXGroup;
			children = (
				9D008B862024586500165C87 /* FocusMe.xcdatamodeld */,
			);
			path = "Core data";
			sourceTree = "<group>";
		};
		9DC2256C202F59E100D5D9AA /* View */ = {
			isa = PBXGroup;
			children = (
				9D008B8B2024586500165C87 /* LaunchScreen.storyboard */,
				9D008B832024586500165C87 /* Main.storyboard */,
				9D5B516420EA4C880016B5D1 /* ScoreboardAnimations.swift */,
				9D63039321197D7F00E3DB59 /* CountingLabel.swift */,
				9D5B3F07207D324400A5E0AC /* ProgressView.swift */,
				9D5C06C820BA0D7A0007EC05 /* CircleView.swift */,
				9D5C06CA20BC04FE0007EC05 /* ctaButtonShade.swift */,
				9DEF37F6205F26590053D0EF /* PageCell.swift */,
				9DC2255B202E14A700D5D9AA /* Custom views */,
			);
			path = View;
			sourceTree = "<group>";
		};
		9DD92CA420A2282200E8CF4B /* HealthKit */ = {
			isa = PBXGroup;
			children = (
				9DD92CA220A2228100E8CF4B /* ProfileDataStore.swift */,
				9DD92CA020A1885600E8CF4B /* HealthKitSetup.swift */,
			);
			path = HealthKit;
			sourceTree = "<group>";
		};
		ECF245344995D1FDF86C6A72 /* Pods */ = {
			isa = PBXGroup;
			children = (
				E62138502EF0F3D145D11EF9 /* Pods-FocusMe.debug.xcconfig */,
				D8E9B77840C377CB98A7196E /* Pods-FocusMe.release.xcconfig */,
			);
			name = Pods;
			sourceTree = "<group>";
		};
/* End PBXGroup section */

/* Begin PBXNativeTarget section */
		9D008B7B2024586500165C87 /* primr */ = {
			isa = PBXNativeTarget;
			buildConfigurationList = 9D008B912024586500165C87 /* Build configuration list for PBXNativeTarget "primr" */;
			buildPhases = (
				F55835CF10ADEC2F9C3251B6 /* [CP] Check Pods Manifest.lock */,
				9D008B782024586500165C87 /* Sources */,
				9D008B792024586500165C87 /* Frameworks */,
				9D008B7A2024586500165C87 /* Resources */,
				180757F76311B57E61CBD3B1 /* [CP] Embed Pods Frameworks */,
				1551A4C0331353ED5D948310 /* [CP] Copy Pods Resources */,
				9D00ED6F2040DD3B00DB84C5 /* ShellScript */,
			);
			buildRules = (
			);
			dependencies = (
			);
			name = primr;
			productName = FocusMe;
			productReference = 9D008B7C2024586500165C87 /* primr.app */;
			productType = "com.apple.product-type.application";
		};
/* End PBXNativeTarget section */

/* Begin PBXProject section */
		9D008B742024586500165C87 /* Project object */ = {
			isa = PBXProject;
			attributes = {
				KnownAssetTags = (
					Test,
				);
				LastSwiftUpdateCheck = 0920;
				LastUpgradeCheck = 0930;
				ORGANIZATIONNAME = primr;
				TargetAttributes = {
					9D008B7B2024586500165C87 = {
						CreatedOnToolsVersion = 9.2;
						ProvisioningStyle = Automatic;
						SystemCapabilities = {
							com.apple.BackgroundModes = {
								enabled = 1;
							};
							com.apple.HealthKit = {
								enabled = 1;
							};
						};
					};
				};
			};
			buildConfigurationList = 9D008B772024586500165C87 /* Build configuration list for PBXProject "primr" */;
			compatibilityVersion = "Xcode 8.0";
			developmentRegion = en;
			hasScannedForEncodings = 0;
			knownRegions = (
				en,
				Base,
			);
			mainGroup = 9D008B732024586500165C87;
			productRefGroup = 9D008B7D2024586500165C87 /* Products */;
			projectDirPath = "";
			projectRoot = "";
			targets = (
				9D008B7B2024586500165C87 /* primr */,
			);
		};
/* End PBXProject section */

/* Begin PBXResourcesBuildPhase section */
		9D008B7A2024586500165C87 /* Resources */ = {
			isa = PBXResourcesBuildPhase;
			buildActionMask = 2147483647;
			files = (
				9D00ED6E2040B83900DB84C5 /* GoogleService-Info.plist in Resources */,
				9D1E3E202148FB720096D688 /* Underwater_main_audio_Big_Blue.mp3 in Resources */,
				9D008B8D2024586500165C87 /* LaunchScreen.storyboard in Resources */,
				9D008B8A2024586500165C87 /* Assets.xcassets in Resources */,
				9D2775282152BA6A00BA668F /* Training_session.mp3 in Resources */,
				9D008B852024586500165C87 /* Main.storyboard in Resources */,
				9D1E3E222148FBF60096D688 /* Underwater_beacon.wav in Resources */,
			);
			runOnlyForDeploymentPostprocessing = 0;
		};
/* End PBXResourcesBuildPhase section */

/* Begin PBXShellScriptBuildPhase section */
		1551A4C0331353ED5D948310 /* [CP] Copy Pods Resources */ = {
			isa = PBXShellScriptBuildPhase;
			buildActionMask = 2147483647;
			files = (
			);
			inputPaths = (
			);
			name = "[CP] Copy Pods Resources";
			outputPaths = (
			);
			runOnlyForDeploymentPostprocessing = 0;
			shellPath = /bin/sh;
			shellScript = "\"${SRCROOT}/Pods/Target Support Files/Pods-FocusMe/Pods-FocusMe-resources.sh\"\n";
			showEnvVarsInLog = 0;
		};
		180757F76311B57E61CBD3B1 /* [CP] Embed Pods Frameworks */ = {
			isa = PBXShellScriptBuildPhase;
			buildActionMask = 2147483647;
			files = (
			);
			inputPaths = (
				"${SRCROOT}/Pods/Target Support Files/Pods-FocusMe/Pods-FocusMe-frameworks.sh",
				"${BUILT_PRODUCTS_DIR}/GoogleToolboxForMac/GoogleToolboxForMac.framework",
				"${BUILT_PRODUCTS_DIR}/nanopb/nanopb.framework",
			);
			name = "[CP] Embed Pods Frameworks";
			outputPaths = (
				"${TARGET_BUILD_DIR}/${FRAMEWORKS_FOLDER_PATH}/GoogleToolboxForMac.framework",
				"${TARGET_BUILD_DIR}/${FRAMEWORKS_FOLDER_PATH}/nanopb.framework",
			);
			runOnlyForDeploymentPostprocessing = 0;
			shellPath = /bin/sh;
			shellScript = "\"${SRCROOT}/Pods/Target Support Files/Pods-FocusMe/Pods-FocusMe-frameworks.sh\"\n";
			showEnvVarsInLog = 0;
		};
		9D00ED6F2040DD3B00DB84C5 /* ShellScript */ = {
			isa = PBXShellScriptBuildPhase;
			buildActionMask = 2147483647;
			files = (
			);
			inputPaths = (
			);
			outputPaths = (
			);
			runOnlyForDeploymentPostprocessing = 0;
			shellPath = /bin/sh;
			shellScript = "\"${PODS_ROOT}/Fabric/run\"";
		};
		F55835CF10ADEC2F9C3251B6 /* [CP] Check Pods Manifest.lock */ = {
			isa = PBXShellScriptBuildPhase;
			buildActionMask = 2147483647;
			files = (
			);
			inputPaths = (
				"${PODS_PODFILE_DIR_PATH}/Podfile.lock",
				"${PODS_ROOT}/Manifest.lock",
			);
			name = "[CP] Check Pods Manifest.lock";
			outputPaths = (
				"$(DERIVED_FILE_DIR)/Pods-FocusMe-checkManifestLockResult.txt",
			);
			runOnlyForDeploymentPostprocessing = 0;
			shellPath = /bin/sh;
			shellScript = "diff \"${PODS_PODFILE_DIR_PATH}/Podfile.lock\" \"${PODS_ROOT}/Manifest.lock\" > /dev/null\nif [ $? != 0 ] ; then\n    # print error to STDERR\n    echo \"error: The sandbox is not in sync with the Podfile.lock. Run 'pod install' or update your CocoaPods installation.\" >&2\n    exit 1\nfi\n# This output is used by Xcode 'outputs' to avoid re-running this script phase.\necho \"SUCCESS\" > \"${SCRIPT_OUTPUT_FILE_0}\"\n";
			showEnvVarsInLog = 0;
		};
/* End PBXShellScriptBuildPhase section */

/* Begin PBXSourcesBuildPhase section */
		9D008B782024586500165C87 /* Sources */ = {
			isa = PBXSourcesBuildPhase;
			buildActionMask = 2147483647;
			files = (
				9DC22552202DD33E00D5D9AA /* LevelModel.swift in Sources */,
				9DB955DE20BF282700B88853 /* SessionInProgressVC.swift in Sources */,
				9DC22572202F69C900D5D9AA /* RectangleActionButton.swift in Sources */,
				9D63039421197D7F00E3DB59 /* CountingLabel.swift in Sources */,
				9DB955E620BFDD3200B88853 /* ScoreboardVC.swift in Sources */,
				9DB955E420BFD90D00B88853 /* ReceiveScoreVC.swift in Sources */,
				9D5C06CF20BC25B30007EC05 /* CountdownSelector.swift in Sources */,
				9D5B516520EA4C880016B5D1 /* ScoreboardAnimations.swift in Sources */,
				9D008B882024586500165C87 /* FocusMe.xcdatamodeld in Sources */,
				9D1E3E1E2147A4500096D688 /* Kern.swift in Sources */,
				9D07D47B2113BDA1000B9BFD /* CongratulationsModel.swift in Sources */,
				9D4B25F320646A3B008C9FA9 /* colours.swift in Sources */,
				9DB955E220BF54CB00B88853 /* InformationVC.swift in Sources */,
				9DD92CA320A2228100E8CF4B /* ProfileDataStore.swift in Sources */,
				9D4EBD2E20CD4F7700A021D0 /* ListOfLevels.swift in Sources */,
				9DC22554202DDCE100D5D9AA /* AccuracyLogic.swift in Sources */,
				9DEF37F7205F26590053D0EF /* PageCell.swift in Sources */,
				9DF98A032107A5B200A0B2DB /* CongratulationsPopupVC.swift in Sources */,
				9D5B3F08207D324400A5E0AC /* ProgressView.swift in Sources */,
				9D008B802024586500165C87 /* AppDelegate.swift in Sources */,
				9D8E99562045E40C00C09A39 /* backgroundImages.swift in Sources */,
				9D36FCA42061018200554D03 /* OnboardingPage.swift in Sources */,
				9DD92CA120A1885600E8CF4B /* HealthKitSetup.swift in Sources */,
				9D1FAA8320ED79A60032A337 /* CoreData Model.swift in Sources */,
				9D0328DA206037B3000AE6BB /* SwipingController.swift in Sources */,
				9DD6AABF20D0FDE9003B2E98 /* MyAudioPlayer.swift in Sources */,
				9D5C06CB20BC04FE0007EC05 /* ctaButtonShade.swift in Sources */,
				9D5C06CD20BC204B0007EC05 /* CountdownVC.swift in Sources */,
				9D5C06C920BA0D7A0007EC05 /* CircleView.swift in Sources */,
				9DC2255D202E180000D5D9AA /* FirstLaunch.swift in Sources */,
				9DB955E020BF2BC000B88853 /* InputScoreVC.swift in Sources */,
				9D6AA92820B400FF00C4D274 /* HomeScreenVC.swift in Sources */,
			);
			runOnlyForDeploymentPostprocessing = 0;
		};
/* End PBXSourcesBuildPhase section */

/* Begin PBXVariantGroup section */
		9D008B832024586500165C87 /* Main.storyboard */ = {
			isa = PBXVariantGroup;
			children = (
				9D008B842024586500165C87 /* Base */,
			);
			name = Main.storyboard;
			sourceTree = "<group>";
		};
		9D008B8B2024586500165C87 /* LaunchScreen.storyboard */ = {
			isa = PBXVariantGroup;
			children = (
				9D008B8C2024586500165C87 /* Base */,
			);
			name = LaunchScreen.storyboard;
			sourceTree = "<group>";
		};
/* End PBXVariantGroup section */

/* Begin XCBuildConfiguration section */
		9D008B8F2024586500165C87 /* Debug */ = {
			isa = XCBuildConfiguration;
			buildSettings = {
				ALWAYS_SEARCH_USER_PATHS = NO;
				CLANG_ANALYZER_NONNULL = YES;
				CLANG_ANALYZER_NUMBER_OBJECT_CONVERSION = YES_AGGRESSIVE;
				CLANG_CXX_LANGUAGE_STANDARD = "gnu++14";
				CLANG_CXX_LIBRARY = "libc++";
				CLANG_ENABLE_MODULES = YES;
				CLANG_ENABLE_OBJC_ARC = YES;
				CLANG_WARN_BLOCK_CAPTURE_AUTORELEASING = YES;
				CLANG_WARN_BOOL_CONVERSION = YES;
				CLANG_WARN_COMMA = YES;
				CLANG_WARN_CONSTANT_CONVERSION = YES;
				CLANG_WARN_DEPRECATED_OBJC_IMPLEMENTATIONS = YES;
				CLANG_WARN_DIRECT_OBJC_ISA_USAGE = YES_ERROR;
				CLANG_WARN_DOCUMENTATION_COMMENTS = YES;
				CLANG_WARN_EMPTY_BODY = YES;
				CLANG_WARN_ENUM_CONVERSION = YES;
				CLANG_WARN_INFINITE_RECURSION = YES;
				CLANG_WARN_INT_CONVERSION = YES;
				CLANG_WARN_NON_LITERAL_NULL_CONVERSION = YES;
				CLANG_WARN_OBJC_IMPLICIT_RETAIN_SELF = YES;
				CLANG_WARN_OBJC_LITERAL_CONVERSION = YES;
				CLANG_WARN_OBJC_ROOT_CLASS = YES_ERROR;
				CLANG_WARN_RANGE_LOOP_ANALYSIS = YES;
				CLANG_WARN_STRICT_PROTOTYPES = YES;
				CLANG_WARN_SUSPICIOUS_MOVE = YES;
				CLANG_WARN_UNGUARDED_AVAILABILITY = YES_AGGRESSIVE;
				CLANG_WARN_UNREACHABLE_CODE = YES;
				CLANG_WARN__DUPLICATE_METHOD_MATCH = YES;
				CODE_SIGN_IDENTITY = "iPhone Developer";
				COPY_PHASE_STRIP = NO;
				DEBUG_INFORMATION_FORMAT = "dwarf-with-dsym";
				ENABLE_STRICT_OBJC_MSGSEND = YES;
				ENABLE_TESTABILITY = YES;
				GCC_C_LANGUAGE_STANDARD = gnu11;
				GCC_DYNAMIC_NO_PIC = NO;
				GCC_NO_COMMON_BLOCKS = YES;
				GCC_OPTIMIZATION_LEVEL = 0;
				GCC_PREPROCESSOR_DEFINITIONS = (
					"DEBUG=1",
					"$(inherited)",
				);
				GCC_WARN_64_TO_32_BIT_CONVERSION = YES;
				GCC_WARN_ABOUT_RETURN_TYPE = YES_ERROR;
				GCC_WARN_UNDECLARED_SELECTOR = YES;
				GCC_WARN_UNINITIALIZED_AUTOS = YES_AGGRESSIVE;
				GCC_WARN_UNUSED_FUNCTION = YES;
				GCC_WARN_UNUSED_VARIABLE = YES;
				IPHONEOS_DEPLOYMENT_TARGET = 11.3;
				MTL_ENABLE_DEBUG_INFO = YES;
				ONLY_ACTIVE_ARCH = YES;
				SDKROOT = iphoneos;
				SWIFT_ACTIVE_COMPILATION_CONDITIONS = DEBUG;
				SWIFT_OPTIMIZATION_LEVEL = "-Onone";
			};
			name = Debug;
		};
		9D008B902024586500165C87 /* Release */ = {
			isa = XCBuildConfiguration;
			buildSettings = {
				ALWAYS_SEARCH_USER_PATHS = NO;
				CLANG_ANALYZER_NONNULL = YES;
				CLANG_ANALYZER_NUMBER_OBJECT_CONVERSION = YES_AGGRESSIVE;
				CLANG_CXX_LANGUAGE_STANDARD = "gnu++14";
				CLANG_CXX_LIBRARY = "libc++";
				CLANG_ENABLE_MODULES = YES;
				CLANG_ENABLE_OBJC_ARC = YES;
				CLANG_WARN_BLOCK_CAPTURE_AUTORELEASING = YES;
				CLANG_WARN_BOOL_CONVERSION = YES;
				CLANG_WARN_COMMA = YES;
				CLANG_WARN_CONSTANT_CONVERSION = YES;
				CLANG_WARN_DEPRECATED_OBJC_IMPLEMENTATIONS = YES;
				CLANG_WARN_DIRECT_OBJC_ISA_USAGE = YES_ERROR;
				CLANG_WARN_DOCUMENTATION_COMMENTS = YES;
				CLANG_WARN_EMPTY_BODY = YES;
				CLANG_WARN_ENUM_CONVERSION = YES;
				CLANG_WARN_INFINITE_RECURSION = YES;
				CLANG_WARN_INT_CONVERSION = YES;
				CLANG_WARN_NON_LITERAL_NULL_CONVERSION = YES;
				CLANG_WARN_OBJC_IMPLICIT_RETAIN_SELF = YES;
				CLANG_WARN_OBJC_LITERAL_CONVERSION = YES;
				CLANG_WARN_OBJC_ROOT_CLASS = YES_ERROR;
				CLANG_WARN_RANGE_LOOP_ANALYSIS = YES;
				CLANG_WARN_STRICT_PROTOTYPES = YES;
				CLANG_WARN_SUSPICIOUS_MOVE = YES;
				CLANG_WARN_UNGUARDED_AVAILABILITY = YES_AGGRESSIVE;
				CLANG_WARN_UNREACHABLE_CODE = YES;
				CLANG_WARN__DUPLICATE_METHOD_MATCH = YES;
				CODE_SIGN_IDENTITY = "iPhone Developer";
				COPY_PHASE_STRIP = NO;
				DEBUG_INFORMATION_FORMAT = "dwarf-with-dsym";
				ENABLE_NS_ASSERTIONS = NO;
				ENABLE_STRICT_OBJC_MSGSEND = YES;
				GCC_C_LANGUAGE_STANDARD = gnu11;
				GCC_NO_COMMON_BLOCKS = YES;
				GCC_WARN_64_TO_32_BIT_CONVERSION = YES;
				GCC_WARN_ABOUT_RETURN_TYPE = YES_ERROR;
				GCC_WARN_UNDECLARED_SELECTOR = YES;
				GCC_WARN_UNINITIALIZED_AUTOS = YES_AGGRESSIVE;
				GCC_WARN_UNUSED_FUNCTION = YES;
				GCC_WARN_UNUSED_VARIABLE = YES;
				IPHONEOS_DEPLOYMENT_TARGET = 11.3;
				MTL_ENABLE_DEBUG_INFO = NO;
				SDKROOT = iphoneos;
				SWIFT_OPTIMIZATION_LEVEL = "-Owholemodule";
				VALIDATE_PRODUCT = YES;
			};
			name = Release;
		};
		9D008B922024586500165C87 /* Debug */ = {
			isa = XCBuildConfiguration;
			baseConfigurationReference = E62138502EF0F3D145D11EF9 /* Pods-FocusMe.debug.xcconfig */;
			buildSettings = {
				ASSETCATALOG_COMPILER_APPICON_NAME = AppIcon;
				CODE_SIGN_ENTITLEMENTS = FocusMe/FocusMe.entitlements;
				CODE_SIGN_STYLE = Automatic;
				DEBUG_INFORMATION_FORMAT = "dwarf-with-dsym";
				DEVELOPMENT_TEAM = F829PDC447;
				INFOPLIST_FILE = FocusMe/Info.plist;
				LD_RUNPATH_SEARCH_PATHS = "$(inherited) @executable_path/Frameworks";
				PRODUCT_BUNDLE_IDENTIFIER = test.FocusMe;
				PRODUCT_NAME = "$(TARGET_NAME)";
				SWIFT_VERSION = 4.0;
				TARGETED_DEVICE_FAMILY = 1;
			};
			name = Debug;
		};
		9D008B932024586500165C87 /* Release */ = {
			isa = XCBuildConfiguration;
			baseConfigurationReference = D8E9B77840C377CB98A7196E /* Pods-FocusMe.release.xcconfig */;
			buildSettings = {
				ASSETCATALOG_COMPILER_APPICON_NAME = AppIcon;
				CODE_SIGN_ENTITLEMENTS = FocusMe/FocusMe.entitlements;
				CODE_SIGN_STYLE = Automatic;
				DEVELOPMENT_TEAM = F829PDC447;
				INFOPLIST_FILE = FocusMe/Info.plist;
				LD_RUNPATH_SEARCH_PATHS = "$(inherited) @executable_path/Frameworks";
				PRODUCT_BUNDLE_IDENTIFIER = test.FocusMe;
				PRODUCT_NAME = "$(TARGET_NAME)";
				SWIFT_VERSION = 4.0;
				TARGETED_DEVICE_FAMILY = 1;
			};
			name = Release;
		};
/* End XCBuildConfiguration section */

/* Begin XCConfigurationList section */
		9D008B772024586500165C87 /* Build configuration list for PBXProject "primr" */ = {
			isa = XCConfigurationList;
			buildConfigurations = (
				9D008B8F2024586500165C87 /* Debug */,
				9D008B902024586500165C87 /* Release */,
			);
			defaultConfigurationIsVisible = 0;
			defaultConfigurationName = Release;
		};
		9D008B912024586500165C87 /* Build configuration list for PBXNativeTarget "primr" */ = {
			isa = XCConfigurationList;
			buildConfigurations = (
				9D008B922024586500165C87 /* Debug */,
				9D008B932024586500165C87 /* Release */,
			);
			defaultConfigurationIsVisible = 0;
			defaultConfigurationName = Release;
		};
/* End XCConfigurationList section */

/* Begin XCVersionGroup section */
		9D008B862024586500165C87 /* FocusMe.xcdatamodeld */ = {
			isa = XCVersionGroup;
			children = (
				9D008B872024586500165C87 /* FocusMe.xcdatamodel */,
			);
			currentVersion = 9D008B872024586500165C87 /* FocusMe.xcdatamodel */;
			path = FocusMe.xcdatamodeld;
			sourceTree = "<group>";
			versionGroupType = wrapper.xcdatamodel;
		};
/* End XCVersionGroup section */
	};
	rootObject = 9D008B742024586500165C87 /* Project object */;
}
